
Microsoft Visual Studio Solution File, Format Version 12.00
# Visual Studio 2013
VisualStudioVersion = 12.0.30723.0
MinimumVisualStudioVersion = 10.0.40219.1
Project("{FAE04EC0-301F-11D3-BF4B-00C04F79EFBC}") = "IsEverywhere", "IsEverywhere\IsEverywhere.csproj", "{F30E3A90-37A6-419A-B9FB-AC33D81A31AD}"
EndProject
Global
	GlobalSection(SolutionConfigurationPlatforms) = preSolution
		Debug|Any CPU = Debug|Any CPU
		Release|Any CPU = Release|Any CPU
	EndGlobalSection
	GlobalSection(ProjectConfigurationPlatforms) = postSolution
		{F30E3A90-37A6-419A-B9FB-AC33D81A31AD}.Debug|Any CPU.ActiveCfg = Debug|Any CPU
		{F30E3A90-37A6-419A-B9FB-AC33D81A31AD}.Debug|Any CPU.Build.0 = Debug|Any CPU
		{F30E3A90-37A6-419A-B9FB-AC33D81A31AD}.Release|Any CPU.ActiveCfg = Release|Any CPU
		{F30E3A90-37A6-419A-B9FB-AC33D81A31AD}.Release|Any CPU.Build.0 = Release|Any CPU
	EndGlobalSection
	GlobalSection(SolutionProperties) = preSolution
		HideSolutionNode = FALSE
	EndGlobalSection
EndGlobal
