
Microsoft Visual Studio Solution File, Format Version 12.00
# Visual Studio 2013
VisualStudioVersion = 12.0.31101.0
MinimumVisualStudioVersion = 10.0.40219.1
Project("{FAE04EC0-301F-11D3-BF4B-00C04F79EFBC}") = "Factorial", "Factorial\Factorial.csproj", "{A1BDA8C2-C796-48F3-9D73-A4144829ED0B}"
EndProject
Global
	GlobalSection(SolutionConfigurationPlatforms) = preSolution
		Debug|Any CPU = Debug|Any CPU
		Release|Any CPU = Release|Any CPU
	EndGlobalSection
	GlobalSection(ProjectConfigurationPlatforms) = postSolution
		{A1BDA8C2-C796-48F3-9D73-A4144829ED0B}.Debug|Any CPU.ActiveCfg = Debug|Any CPU
		{A1BDA8C2-C796-48F3-9D73-A4144829ED0B}.Debug|Any CPU.Build.0 = Debug|Any CPU
		{A1BDA8C2-C796-48F3-9D73-A4144829ED0B}.Release|Any CPU.ActiveCfg = Release|Any CPU
		{A1BDA8C2-C796-48F3-9D73-A4144829ED0B}.Release|Any CPU.Build.0 = Release|Any CPU
	EndGlobalSection
	GlobalSection(SolutionProperties) = preSolution
		HideSolutionNode = FALSE
	EndGlobalSection
EndGlobal
