
Microsoft Visual Studio Solution File, Format Version 12.00
# Visual Studio 2013
VisualStudioVersion = 12.0.31101.0
MinimumVisualStudioVersion = 10.0.40219.1
Project("{FAE04EC0-301F-11D3-BF4B-00C04F79EFBC}") = "CountTriple", "CountTriple\CountTriple.csproj", "{A98DA6AD-D47F-4900-8A57-7B02E5FFE9B8}"
EndProject
Global
	GlobalSection(SolutionConfigurationPlatforms) = preSolution
		Debug|Any CPU = Debug|Any CPU
		Release|Any CPU = Release|Any CPU
	EndGlobalSection
	GlobalSection(ProjectConfigurationPlatforms) = postSolution
		{A98DA6AD-D47F-4900-8A57-7B02E5FFE9B8}.Debug|Any CPU.ActiveCfg = Debug|Any CPU
		{A98DA6AD-D47F-4900-8A57-7B02E5FFE9B8}.Debug|Any CPU.Build.0 = Debug|Any CPU
		{A98DA6AD-D47F-4900-8A57-7B02E5FFE9B8}.Release|Any CPU.ActiveCfg = Release|Any CPU
		{A98DA6AD-D47F-4900-8A57-7B02E5FFE9B8}.Release|Any CPU.Build.0 = Release|Any CPU
	EndGlobalSection
	GlobalSection(SolutionProperties) = preSolution
		HideSolutionNode = FALSE
	EndGlobalSection
EndGlobal
