
Microsoft Visual Studio Solution File, Format Version 12.00
# Visual Studio 2013
VisualStudioVersion = 12.0.30501.0
MinimumVisualStudioVersion = 10.0.40219.1
Project("{FAE04EC0-301F-11D3-BF4B-00C04F79EFBC}") = "13 - TwoIsOne", "13 - TwoIsOne\13 - TwoIsOne.csproj", "{F4901CB7-8C73-46C4-9527-4D94B81481F5}"
EndProject
Project("{FAE04EC0-301F-11D3-BF4B-00C04F79EFBC}") = "TwoIsOneTests", "TwoIsOneTests\TwoIsOneTests.csproj", "{DED009FD-F218-4D5D-AC29-48C636E054BA}"
EndProject
Global
	GlobalSection(SolutionConfigurationPlatforms) = preSolution
		Debug|Any CPU = Debug|Any CPU
		Release|Any CPU = Release|Any CPU
	EndGlobalSection
	GlobalSection(ProjectConfigurationPlatforms) = postSolution
		{F4901CB7-8C73-46C4-9527-4D94B81481F5}.Debug|Any CPU.ActiveCfg = Debug|Any CPU
		{F4901CB7-8C73-46C4-9527-4D94B81481F5}.Debug|Any CPU.Build.0 = Debug|Any CPU
		{F4901CB7-8C73-46C4-9527-4D94B81481F5}.Release|Any CPU.ActiveCfg = Release|Any CPU
		{F4901CB7-8C73-46C4-9527-4D94B81481F5}.Release|Any CPU.Build.0 = Release|Any CPU
		{DED009FD-F218-4D5D-AC29-48C636E054BA}.Debug|Any CPU.ActiveCfg = Debug|Any CPU
		{DED009FD-F218-4D5D-AC29-48C636E054BA}.Debug|Any CPU.Build.0 = Debug|Any CPU
		{DED009FD-F218-4D5D-AC29-48C636E054BA}.Release|Any CPU.ActiveCfg = Release|Any CPU
		{DED009FD-F218-4D5D-AC29-48C636E054BA}.Release|Any CPU.Build.0 = Release|Any CPU
	EndGlobalSection
	GlobalSection(SolutionProperties) = preSolution
		HideSolutionNode = FALSE
	EndGlobalSection
EndGlobal
