
Microsoft Visual Studio Solution File, Format Version 12.00
# Visual Studio 2013
VisualStudioVersion = 12.0.30110.0
MinimumVisualStudioVersion = 10.0.40219.1
Project("{FAE04EC0-301F-11D3-BF4B-00C04F79EFBC}") = "16 - IcyHot", "16 - IcyHot\16 - IcyHot.csproj", "{4CCC729A-FF76-440D-89B4-F80C94B652EA}"
EndProject
Global
	GlobalSection(SolutionConfigurationPlatforms) = preSolution
		Debug|Any CPU = Debug|Any CPU
		Release|Any CPU = Release|Any CPU
	EndGlobalSection
	GlobalSection(ProjectConfigurationPlatforms) = postSolution
		{4CCC729A-FF76-440D-89B4-F80C94B652EA}.Debug|Any CPU.ActiveCfg = Debug|Any CPU
		{4CCC729A-FF76-440D-89B4-F80C94B652EA}.Debug|Any CPU.Build.0 = Debug|Any CPU
		{4CCC729A-FF76-440D-89B4-F80C94B652EA}.Release|Any CPU.ActiveCfg = Release|Any CPU
		{4CCC729A-FF76-440D-89B4-F80C94B652EA}.Release|Any CPU.Build.0 = Release|Any CPU
	EndGlobalSection
	GlobalSection(SolutionProperties) = preSolution
		HideSolutionNode = FALSE
	EndGlobalSection
EndGlobal
