
Microsoft Visual Studio Solution File, Format Version 12.00
# Visual Studio 2013
VisualStudioVersion = 12.0.30501.0
MinimumVisualStudioVersion = 10.0.40219.1
Project("{FAE04EC0-301F-11D3-BF4B-00C04F79EFBC}") = "15 - InOrderEqual", "15 - InOrderEqual\15 - InOrderEqual.csproj", "{E1BB6A64-E844-420C-8635-82F402C64A24}"
EndProject
Project("{FAE04EC0-301F-11D3-BF4B-00C04F79EFBC}") = "InOrderEqualTests", "InOrderEqualTests\InOrderEqualTests.csproj", "{93985B12-4981-40D1-84BC-49C4763D9392}"
EndProject
Global
	GlobalSection(SolutionConfigurationPlatforms) = preSolution
		Debug|Any CPU = Debug|Any CPU
		Release|Any CPU = Release|Any CPU
	EndGlobalSection
	GlobalSection(ProjectConfigurationPlatforms) = postSolution
		{E1BB6A64-E844-420C-8635-82F402C64A24}.Debug|Any CPU.ActiveCfg = Debug|Any CPU
		{E1BB6A64-E844-420C-8635-82F402C64A24}.Debug|Any CPU.Build.0 = Debug|Any CPU
		{E1BB6A64-E844-420C-8635-82F402C64A24}.Release|Any CPU.ActiveCfg = Release|Any CPU
		{E1BB6A64-E844-420C-8635-82F402C64A24}.Release|Any CPU.Build.0 = Release|Any CPU
		{93985B12-4981-40D1-84BC-49C4763D9392}.Debug|Any CPU.ActiveCfg = Debug|Any CPU
		{93985B12-4981-40D1-84BC-49C4763D9392}.Debug|Any CPU.Build.0 = Debug|Any CPU
		{93985B12-4981-40D1-84BC-49C4763D9392}.Release|Any CPU.ActiveCfg = Release|Any CPU
		{93985B12-4981-40D1-84BC-49C4763D9392}.Release|Any CPU.Build.0 = Release|Any CPU
	EndGlobalSection
	GlobalSection(SolutionProperties) = preSolution
		HideSolutionNode = FALSE
	EndGlobalSection
EndGlobal
