
Microsoft Visual Studio Solution File, Format Version 12.00
# Visual Studio 2013
VisualStudioVersion = 12.0.30501.0
MinimumVisualStudioVersion = 10.0.40219.1
Project("{FAE04EC0-301F-11D3-BF4B-00C04F79EFBC}") = "07 - LoveSix", "07 - LoveSix\07 - LoveSix.csproj", "{F4521909-2AB3-4D42-BABE-91E388088390}"
EndProject
Project("{FAE04EC0-301F-11D3-BF4B-00C04F79EFBC}") = "LoveSixTests", "LoveSixTests\LoveSixTests.csproj", "{F06D771F-4A0E-4A32-A8C8-EA9948AB8F29}"
EndProject
Global
	GlobalSection(SolutionConfigurationPlatforms) = preSolution
		Debug|Any CPU = Debug|Any CPU
		Release|Any CPU = Release|Any CPU
	EndGlobalSection
	GlobalSection(ProjectConfigurationPlatforms) = postSolution
		{F4521909-2AB3-4D42-BABE-91E388088390}.Debug|Any CPU.ActiveCfg = Debug|Any CPU
		{F4521909-2AB3-4D42-BABE-91E388088390}.Debug|Any CPU.Build.0 = Debug|Any CPU
		{F4521909-2AB3-4D42-BABE-91E388088390}.Release|Any CPU.ActiveCfg = Release|Any CPU
		{F4521909-2AB3-4D42-BABE-91E388088390}.Release|Any CPU.Build.0 = Release|Any CPU
		{F06D771F-4A0E-4A32-A8C8-EA9948AB8F29}.Debug|Any CPU.ActiveCfg = Debug|Any CPU
		{F06D771F-4A0E-4A32-A8C8-EA9948AB8F29}.Debug|Any CPU.Build.0 = Debug|Any CPU
		{F06D771F-4A0E-4A32-A8C8-EA9948AB8F29}.Release|Any CPU.ActiveCfg = Release|Any CPU
		{F06D771F-4A0E-4A32-A8C8-EA9948AB8F29}.Release|Any CPU.Build.0 = Release|Any CPU
	EndGlobalSection
	GlobalSection(SolutionProperties) = preSolution
		HideSolutionNode = FALSE
	EndGlobalSection
EndGlobal
