
Microsoft Visual Studio Solution File, Format Version 12.00
# Visual Studio 2013
VisualStudioVersion = 12.0.30501.0
MinimumVisualStudioVersion = 10.0.40219.1
Project("{FAE04EC0-301F-11D3-BF4B-00C04F79EFBC}") = "05 - SkipSum", "05 - SkipSum\05 - SkipSum.csproj", "{DC6F8F35-2DF4-4F71-A2B9-F69D56CDD4B2}"
EndProject
Project("{FAE04EC0-301F-11D3-BF4B-00C04F79EFBC}") = "SkipSumTests", "SkipSumTests\SkipSumTests.csproj", "{79871412-8EBD-44EE-9794-0F498A56E9A8}"
EndProject
Global
	GlobalSection(SolutionConfigurationPlatforms) = preSolution
		Debug|Any CPU = Debug|Any CPU
		Release|Any CPU = Release|Any CPU
	EndGlobalSection
	GlobalSection(ProjectConfigurationPlatforms) = postSolution
		{DC6F8F35-2DF4-4F71-A2B9-F69D56CDD4B2}.Debug|Any CPU.ActiveCfg = Debug|Any CPU
		{DC6F8F35-2DF4-4F71-A2B9-F69D56CDD4B2}.Debug|Any CPU.Build.0 = Debug|Any CPU
		{DC6F8F35-2DF4-4F71-A2B9-F69D56CDD4B2}.Release|Any CPU.ActiveCfg = Release|Any CPU
		{DC6F8F35-2DF4-4F71-A2B9-F69D56CDD4B2}.Release|Any CPU.Build.0 = Release|Any CPU
		{79871412-8EBD-44EE-9794-0F498A56E9A8}.Debug|Any CPU.ActiveCfg = Debug|Any CPU
		{79871412-8EBD-44EE-9794-0F498A56E9A8}.Debug|Any CPU.Build.0 = Debug|Any CPU
		{79871412-8EBD-44EE-9794-0F498A56E9A8}.Release|Any CPU.ActiveCfg = Release|Any CPU
		{79871412-8EBD-44EE-9794-0F498A56E9A8}.Release|Any CPU.Build.0 = Release|Any CPU
	EndGlobalSection
	GlobalSection(SolutionProperties) = preSolution
		HideSolutionNode = FALSE
	EndGlobalSection
EndGlobal
