
Microsoft Visual Studio Solution File, Format Version 12.00
# Visual Studio 2013
VisualStudioVersion = 12.0.30110.0
MinimumVisualStudioVersion = 10.0.40219.1
Project("{FAE04EC0-301F-11D3-BF4B-00C04F79EFBC}") = "01 - GreatParty", "01 - GreatParty\01 - GreatParty.csproj", "{88F2C380-9AD0-4C7E-9944-80A695873221}"
EndProject
Project("{FAE04EC0-301F-11D3-BF4B-00C04F79EFBC}") = "GreatPartyTests", "UnitTestGreatParty\GreatPartyTests.csproj", "{EA46688A-D63F-4CA3-82B1-108465100BE8}"
EndProject
Global
	GlobalSection(SolutionConfigurationPlatforms) = preSolution
		Debug|Any CPU = Debug|Any CPU
		Release|Any CPU = Release|Any CPU
	EndGlobalSection
	GlobalSection(ProjectConfigurationPlatforms) = postSolution
		{88F2C380-9AD0-4C7E-9944-80A695873221}.Debug|Any CPU.ActiveCfg = Debug|Any CPU
		{88F2C380-9AD0-4C7E-9944-80A695873221}.Debug|Any CPU.Build.0 = Debug|Any CPU
		{88F2C380-9AD0-4C7E-9944-80A695873221}.Release|Any CPU.ActiveCfg = Release|Any CPU
		{88F2C380-9AD0-4C7E-9944-80A695873221}.Release|Any CPU.Build.0 = Release|Any CPU
		{EA46688A-D63F-4CA3-82B1-108465100BE8}.Debug|Any CPU.ActiveCfg = Debug|Any CPU
		{EA46688A-D63F-4CA3-82B1-108465100BE8}.Debug|Any CPU.Build.0 = Debug|Any CPU
		{EA46688A-D63F-4CA3-82B1-108465100BE8}.Release|Any CPU.ActiveCfg = Release|Any CPU
		{EA46688A-D63F-4CA3-82B1-108465100BE8}.Release|Any CPU.Build.0 = Release|Any CPU
	EndGlobalSection
	GlobalSection(SolutionProperties) = preSolution
		HideSolutionNode = FALSE
	EndGlobalSection
EndGlobal
