
Microsoft Visual Studio Solution File, Format Version 12.00
# Visual Studio 2013
VisualStudioVersion = 12.0.30723.0
MinimumVisualStudioVersion = 10.0.40219.1
Project("{FAE04EC0-301F-11D3-BF4B-00C04F79EFBC}") = "Has77", "Has77\Has77.csproj", "{D91F3A52-DBA5-411A-90BD-178AE188F161}"
EndProject
Global
	GlobalSection(SolutionConfigurationPlatforms) = preSolution
		Debug|Any CPU = Debug|Any CPU
		Release|Any CPU = Release|Any CPU
	EndGlobalSection
	GlobalSection(ProjectConfigurationPlatforms) = postSolution
		{D91F3A52-DBA5-411A-90BD-178AE188F161}.Debug|Any CPU.ActiveCfg = Debug|Any CPU
		{D91F3A52-DBA5-411A-90BD-178AE188F161}.Debug|Any CPU.Build.0 = Debug|Any CPU
		{D91F3A52-DBA5-411A-90BD-178AE188F161}.Release|Any CPU.ActiveCfg = Release|Any CPU
		{D91F3A52-DBA5-411A-90BD-178AE188F161}.Release|Any CPU.Build.0 = Release|Any CPU
	EndGlobalSection
	GlobalSection(SolutionProperties) = preSolution
		HideSolutionNode = FALSE
	EndGlobalSection
EndGlobal
