
Microsoft Visual Studio Solution File, Format Version 12.00
# Visual Studio 2013
VisualStudioVersion = 12.0.30501.0
MinimumVisualStudioVersion = 10.0.40219.1
Project("{FAE04EC0-301F-11D3-BF4B-00C04F79EFBC}") = "10 - Mod20", "10 - Mod20\10 - Mod20.csproj", "{04EFA427-51F3-499E-9406-8C68C9A31996}"
EndProject
Project("{FAE04EC0-301F-11D3-BF4B-00C04F79EFBC}") = "Mod20Tests", "Mod20Tests\Mod20Tests.csproj", "{F599BC9E-331B-47A2-97F6-511A98AD648D}"
EndProject
Global
	GlobalSection(SolutionConfigurationPlatforms) = preSolution
		Debug|Any CPU = Debug|Any CPU
		Release|Any CPU = Release|Any CPU
	EndGlobalSection
	GlobalSection(ProjectConfigurationPlatforms) = postSolution
		{04EFA427-51F3-499E-9406-8C68C9A31996}.Debug|Any CPU.ActiveCfg = Debug|Any CPU
		{04EFA427-51F3-499E-9406-8C68C9A31996}.Debug|Any CPU.Build.0 = Debug|Any CPU
		{04EFA427-51F3-499E-9406-8C68C9A31996}.Release|Any CPU.ActiveCfg = Release|Any CPU
		{04EFA427-51F3-499E-9406-8C68C9A31996}.Release|Any CPU.Build.0 = Release|Any CPU
		{F599BC9E-331B-47A2-97F6-511A98AD648D}.Debug|Any CPU.ActiveCfg = Debug|Any CPU
		{F599BC9E-331B-47A2-97F6-511A98AD648D}.Debug|Any CPU.Build.0 = Debug|Any CPU
		{F599BC9E-331B-47A2-97F6-511A98AD648D}.Release|Any CPU.ActiveCfg = Release|Any CPU
		{F599BC9E-331B-47A2-97F6-511A98AD648D}.Release|Any CPU.Build.0 = Release|Any CPU
	EndGlobalSection
	GlobalSection(SolutionProperties) = preSolution
		HideSolutionNode = FALSE
	EndGlobalSection
EndGlobal
