
Microsoft Visual Studio Solution File, Format Version 12.00
# Visual Studio 2013
VisualStudioVersion = 12.0.31101.0
MinimumVisualStudioVersion = 10.0.40219.1
Project("{FAE04EC0-301F-11D3-BF4B-00C04F79EFBC}") = "MatchUp", "MatchUp\MatchUp.csproj", "{A055DA6F-288A-48A4-91A1-B65B28E94B36}"
EndProject
Global
	GlobalSection(SolutionConfigurationPlatforms) = preSolution
		Debug|Any CPU = Debug|Any CPU
		Release|Any CPU = Release|Any CPU
	EndGlobalSection
	GlobalSection(ProjectConfigurationPlatforms) = postSolution
		{A055DA6F-288A-48A4-91A1-B65B28E94B36}.Debug|Any CPU.ActiveCfg = Debug|Any CPU
		{A055DA6F-288A-48A4-91A1-B65B28E94B36}.Debug|Any CPU.Build.0 = Debug|Any CPU
		{A055DA6F-288A-48A4-91A1-B65B28E94B36}.Release|Any CPU.ActiveCfg = Release|Any CPU
		{A055DA6F-288A-48A4-91A1-B65B28E94B36}.Release|Any CPU.Build.0 = Release|Any CPU
	EndGlobalSection
	GlobalSection(SolutionProperties) = preSolution
		HideSolutionNode = FALSE
	EndGlobalSection
EndGlobal
