
Microsoft Visual Studio Solution File, Format Version 12.00
# Visual Studio 2013
VisualStudioVersion = 12.0.31101.0
MinimumVisualStudioVersion = 10.0.40219.1
Project("{FAE04EC0-301F-11D3-BF4B-00C04F79EFBC}") = "CountHi2", "CountHi2\CountHi2.csproj", "{AB518BDB-C6DC-4CBB-9332-8CA9648032BD}"
EndProject
Global
	GlobalSection(SolutionConfigurationPlatforms) = preSolution
		Debug|Any CPU = Debug|Any CPU
		Release|Any CPU = Release|Any CPU
	EndGlobalSection
	GlobalSection(ProjectConfigurationPlatforms) = postSolution
		{AB518BDB-C6DC-4CBB-9332-8CA9648032BD}.Debug|Any CPU.ActiveCfg = Debug|Any CPU
		{AB518BDB-C6DC-4CBB-9332-8CA9648032BD}.Debug|Any CPU.Build.0 = Debug|Any CPU
		{AB518BDB-C6DC-4CBB-9332-8CA9648032BD}.Release|Any CPU.ActiveCfg = Release|Any CPU
		{AB518BDB-C6DC-4CBB-9332-8CA9648032BD}.Release|Any CPU.Build.0 = Release|Any CPU
	EndGlobalSection
	GlobalSection(SolutionProperties) = preSolution
		HideSolutionNode = FALSE
	EndGlobalSection
EndGlobal
