
Microsoft Visual Studio Solution File, Format Version 12.00
# Visual Studio 2013
VisualStudioVersion = 12.0.30110.0
MinimumVisualStudioVersion = 10.0.40219.1
Project("{FAE04EC0-301F-11D3-BF4B-00C04F79EFBC}") = "02 - SleepingIn", "02 - SleepingIn\02 - SleepingIn.csproj", "{F82C96EC-960A-4C9F-9266-E94851AD534D}"
EndProject
Global
	GlobalSection(SolutionConfigurationPlatforms) = preSolution
		Debug|Any CPU = Debug|Any CPU
		Release|Any CPU = Release|Any CPU
	EndGlobalSection
	GlobalSection(ProjectConfigurationPlatforms) = postSolution
		{F82C96EC-960A-4C9F-9266-E94851AD534D}.Debug|Any CPU.ActiveCfg = Debug|Any CPU
		{F82C96EC-960A-4C9F-9266-E94851AD534D}.Debug|Any CPU.Build.0 = Debug|Any CPU
		{F82C96EC-960A-4C9F-9266-E94851AD534D}.Release|Any CPU.ActiveCfg = Release|Any CPU
		{F82C96EC-960A-4C9F-9266-E94851AD534D}.Release|Any CPU.Build.0 = Release|Any CPU
	EndGlobalSection
	GlobalSection(SolutionProperties) = preSolution
		HideSolutionNode = FALSE
	EndGlobalSection
EndGlobal
