
Microsoft Visual Studio Solution File, Format Version 12.00
# Visual Studio 2013
VisualStudioVersion = 12.0.30501.0
MinimumVisualStudioVersion = 10.0.40219.1
Project("{FAE04EC0-301F-11D3-BF4B-00C04F79EFBC}") = "17 - RollDice", "17 - RollDice\17 - RollDice.csproj", "{B11CFABB-9362-4638-9CCC-D5525E90FCC7}"
EndProject
Project("{FAE04EC0-301F-11D3-BF4B-00C04F79EFBC}") = "RollDiceTests", "RollDiceTests\RollDiceTests.csproj", "{9D9A2C7D-C850-4631-A7BF-2927FB616DB2}"
EndProject
Global
	GlobalSection(SolutionConfigurationPlatforms) = preSolution
		Debug|Any CPU = Debug|Any CPU
		Release|Any CPU = Release|Any CPU
	EndGlobalSection
	GlobalSection(ProjectConfigurationPlatforms) = postSolution
		{B11CFABB-9362-4638-9CCC-D5525E90FCC7}.Debug|Any CPU.ActiveCfg = Debug|Any CPU
		{B11CFABB-9362-4638-9CCC-D5525E90FCC7}.Debug|Any CPU.Build.0 = Debug|Any CPU
		{B11CFABB-9362-4638-9CCC-D5525E90FCC7}.Release|Any CPU.ActiveCfg = Release|Any CPU
		{B11CFABB-9362-4638-9CCC-D5525E90FCC7}.Release|Any CPU.Build.0 = Release|Any CPU
		{9D9A2C7D-C850-4631-A7BF-2927FB616DB2}.Debug|Any CPU.ActiveCfg = Debug|Any CPU
		{9D9A2C7D-C850-4631-A7BF-2927FB616DB2}.Debug|Any CPU.Build.0 = Debug|Any CPU
		{9D9A2C7D-C850-4631-A7BF-2927FB616DB2}.Release|Any CPU.ActiveCfg = Release|Any CPU
		{9D9A2C7D-C850-4631-A7BF-2927FB616DB2}.Release|Any CPU.Build.0 = Release|Any CPU
	EndGlobalSection
	GlobalSection(SolutionProperties) = preSolution
		HideSolutionNode = FALSE
	EndGlobalSection
EndGlobal
