
Microsoft Visual Studio Solution File, Format Version 12.00
# Visual Studio 2013
VisualStudioVersion = 12.0.30501.0
MinimumVisualStudioVersion = 10.0.40219.1
Project("{FAE04EC0-301F-11D3-BF4B-00C04F79EFBC}") = "06 - AlarmClock", "06 - AlarmClock\06 - AlarmClock.csproj", "{983CF963-AA28-4D90-91E2-308DBE1C6E67}"
EndProject
Project("{FAE04EC0-301F-11D3-BF4B-00C04F79EFBC}") = "AlarmClockTests", "AlarmClockTests\AlarmClockTests.csproj", "{1C2AA02F-D0FE-46F3-9953-0BBF97E7440D}"
EndProject
Global
	GlobalSection(SolutionConfigurationPlatforms) = preSolution
		Debug|Any CPU = Debug|Any CPU
		Release|Any CPU = Release|Any CPU
	EndGlobalSection
	GlobalSection(ProjectConfigurationPlatforms) = postSolution
		{983CF963-AA28-4D90-91E2-308DBE1C6E67}.Debug|Any CPU.ActiveCfg = Debug|Any CPU
		{983CF963-AA28-4D90-91E2-308DBE1C6E67}.Debug|Any CPU.Build.0 = Debug|Any CPU
		{983CF963-AA28-4D90-91E2-308DBE1C6E67}.Release|Any CPU.ActiveCfg = Release|Any CPU
		{983CF963-AA28-4D90-91E2-308DBE1C6E67}.Release|Any CPU.Build.0 = Release|Any CPU
		{1C2AA02F-D0FE-46F3-9953-0BBF97E7440D}.Debug|Any CPU.ActiveCfg = Debug|Any CPU
		{1C2AA02F-D0FE-46F3-9953-0BBF97E7440D}.Debug|Any CPU.Build.0 = Debug|Any CPU
		{1C2AA02F-D0FE-46F3-9953-0BBF97E7440D}.Release|Any CPU.ActiveCfg = Release|Any CPU
		{1C2AA02F-D0FE-46F3-9953-0BBF97E7440D}.Release|Any CPU.Build.0 = Release|Any CPU
	EndGlobalSection
	GlobalSection(SolutionProperties) = preSolution
		HideSolutionNode = FALSE
	EndGlobalSection
EndGlobal
