
Microsoft Visual Studio Solution File, Format Version 12.00
# Visual Studio 2013
VisualStudioVersion = 12.0.30501.0
MinimumVisualStudioVersion = 10.0.40219.1
Project("{FAE04EC0-301F-11D3-BF4B-00C04F79EFBC}") = "08 - InRange", "08 - InRange\08 - InRange.csproj", "{86306639-5C99-4D8C-9983-FDBA69F6CCF3}"
EndProject
Project("{FAE04EC0-301F-11D3-BF4B-00C04F79EFBC}") = "InRangeTests", "InRangeTests\InRangeTests.csproj", "{7D13765F-4DF9-49AD-9A41-D806B0E82C25}"
EndProject
Global
	GlobalSection(SolutionConfigurationPlatforms) = preSolution
		Debug|Any CPU = Debug|Any CPU
		Release|Any CPU = Release|Any CPU
	EndGlobalSection
	GlobalSection(ProjectConfigurationPlatforms) = postSolution
		{86306639-5C99-4D8C-9983-FDBA69F6CCF3}.Debug|Any CPU.ActiveCfg = Debug|Any CPU
		{86306639-5C99-4D8C-9983-FDBA69F6CCF3}.Debug|Any CPU.Build.0 = Debug|Any CPU
		{86306639-5C99-4D8C-9983-FDBA69F6CCF3}.Release|Any CPU.ActiveCfg = Release|Any CPU
		{86306639-5C99-4D8C-9983-FDBA69F6CCF3}.Release|Any CPU.Build.0 = Release|Any CPU
		{7D13765F-4DF9-49AD-9A41-D806B0E82C25}.Debug|Any CPU.ActiveCfg = Debug|Any CPU
		{7D13765F-4DF9-49AD-9A41-D806B0E82C25}.Debug|Any CPU.Build.0 = Debug|Any CPU
		{7D13765F-4DF9-49AD-9A41-D806B0E82C25}.Release|Any CPU.ActiveCfg = Release|Any CPU
		{7D13765F-4DF9-49AD-9A41-D806B0E82C25}.Release|Any CPU.Build.0 = Release|Any CPU
	EndGlobalSection
	GlobalSection(SolutionProperties) = preSolution
		HideSolutionNode = FALSE
	EndGlobalSection
EndGlobal
